
Microsoft Visual Studio Solution File, Format Version 12.00
# Visual Studio 15
Project("{FAE04EC0-301F-11D3-BF4B-00C04F79EFBC}") = "Assembly-CSharp", "Assembly-CSharp.csproj", "{A03AE5AC-092D-406F-97E8-C79755D72FCF}"
EndProject
Project("{FAE04EC0-301F-11D3-BF4B-00C04F79EFBC}") = "Assembly-CSharp-Editor", "Assembly-CSharp-Editor.csproj", "{4E83C19B-C4F7-AD05-15D1-95F27A69FDF4}"
EndProject
Global
	GlobalSection(SolutionConfigurationPlatforms) = preSolution
		Debug|Any CPU = Debug|Any CPU
		Release|Any CPU = Release|Any CPU
	EndGlobalSection
	GlobalSection(ProjectConfigurationPlatforms) = postSolution
		{A03AE5AC-092D-406F-97E8-C79755D72FCF}.Debug|Any CPU.ActiveCfg = Debug|Any CPU
		{A03AE5AC-092D-406F-97E8-C79755D72FCF}.Debug|Any CPU.Build.0 = Debug|Any CPU
		{A03AE5AC-092D-406F-97E8-C79755D72FCF}.Release|Any CPU.ActiveCfg = Release|Any CPU
		{A03AE5AC-092D-406F-97E8-C79755D72FCF}.Release|Any CPU.Build.0 = Release|Any CPU
		{4E83C19B-C4F7-AD05-15D1-95F27A69FDF4}.Debug|Any CPU.ActiveCfg = Debug|Any CPU
		{4E83C19B-C4F7-AD05-15D1-95F27A69FDF4}.Debug|Any CPU.Build.0 = Debug|Any CPU
		{4E83C19B-C4F7-AD05-15D1-95F27A69FDF4}.Release|Any CPU.ActiveCfg = Release|Any CPU
		{4E83C19B-C4F7-AD05-15D1-95F27A69FDF4}.Release|Any CPU.Build.0 = Release|Any CPU
	EndGlobalSection
	GlobalSection(SolutionProperties) = preSolution
		HideSolutionNode = FALSE
	EndGlobalSection
EndGlobal
